{
  "version": 4,
  "terraform_version": "1.12.2",
  "serial": 30,
  "lineage": "4b661f78-b085-8793-c572-7b3e7590f241",
  "outputs": {
    "artifact_registry": {
      "value": "us-central1-docker.pkg.dev/netra-staging/netra-containers",
      "type": "string"
    },
    "backend_url": {
      "value": null,
      "type": "string"
    },
    "backup_bucket": {
      "value": "netra-staging-netra-backups",
      "type": "string"
    },
    "database_connection_name": {
      "value": "netra-staging:us-central1:netra-postgres-2db4ccab",
      "type": "string"
    },
    "database_ip": {
      "value": "146.148.72.133",
      "type": "string"
    },
    "database_name": {
      "value": "netra",
      "type": "string"
    },
    "database_user": {
      "value": "netra_user",
      "type": "string"
    },
    "deployment_info": {
      "value": {
        "artifact_registry": "us-central1-docker.pkg.dev/netra-staging/netra-containers",
        "backend_url": null,
        "database_ip": "146.148.72.133",
        "frontend_url": null,
        "project_id": "netra-staging",
        "region": "us-central1"
      },
      "type": [
        "object",
        {
          "artifact_registry": "string",
          "backend_url": "string",
          "database_ip": "string",
          "frontend_url": "string",
          "project_id": "string",
          "region": "string"
        }
      ]
    },
    "frontend_url": {
      "value": null,
      "type": "string"
    },
    "service_account_email": {
      "value": "netra-cloudrun@netra-staging.iam.gserviceaccount.com",
      "type": "string"
    }
  },
  "resources": [
    {
      "mode": "managed",
      "type": "google_artifact_registry_repository",
      "name": "main",
      "provider": "provider[\"registry.terraform.io/hashicorp/google\"]",
      "instances": [
        {
          "schema_version": 0,
          "attributes": {
            "cleanup_policies": [],
            "cleanup_policy_dry_run": false,
            "create_time": "2025-08-15T21:57:38.876259Z",
            "description": "Docker repository for Netra containers",
            "docker_config": [],
            "effective_labels": {},
            "format": "DOCKER",
            "id": "projects/netra-staging/locations/us-central1/repositories/netra-containers",
            "kms_key_name": "",
            "labels": {},
            "location": "us-central1",
            "maven_config": [],
            "mode": "STANDARD_REPOSITORY",
            "name": "netra-containers",
            "project": "netra-staging",
            "remote_repository_config": [],
            "repository_id": "netra-containers",
            "terraform_labels": {},
            "timeouts": null,
            "update_time": "2025-08-15T22:12:06.407955Z",
            "virtual_repository_config": []
          },
          "sensitive_attributes": [],
          "identity_schema_version": 0,
          "private": "eyJlMmJmYjczMC1lY2FhLTExZTYtOGY4OC0zNDM2M2JjN2M0YzAiOnsiY3JlYXRlIjoxMjAwMDAwMDAwMDAwLCJkZWxldGUiOjEyMDAwMDAwMDAwMDAsInVwZGF0ZSI6MTIwMDAwMDAwMDAwMH19",
          "dependencies": [
            "google_project_service.apis"
          ]
        }
      ]
    },
    {
      "mode": "managed",
      "type": "google_cloud_run_service",
      "name": "backend",
      "provider": "provider[\"registry.terraform.io/hashicorp/google\"]",
      "instances": [
        {
          "status": "tainted",
          "schema_version": 2,
          "attributes": {
            "autogenerate_revision_name": false,
            "id": "locations/us-central1/namespaces/netra-staging/services/netra-backend",
            "location": "us-central1",
            "metadata": null,
            "name": "netra-backend",
            "project": "netra-staging",
            "status": null,
            "template": [
              {
                "metadata": [
                  {
                    "annotations": {
                      "autoscaling.knative.dev/maxScale": "5",
                      "autoscaling.knative.dev/minScale": "1",
                      "run.googleapis.com/cloudsql-instances": "netra-staging:us-central1:netra-postgres-2db4ccab",
                      "run.googleapis.com/cpu-throttling": "true"
                    },
                    "generation": 0,
                    "labels": {},
                    "name": "",
                    "namespace": "",
                    "resource_version": "",
                    "self_link": "",
                    "uid": ""
                  }
                ],
                "spec": [
                  {
                    "container_concurrency": 0,
                    "containers": [
                      {
                        "args": null,
                        "command": null,
                        "env": [
                          {
                            "name": "DATABASE_URL",
                            "value": "postgresql://netra_user:qNdlZRHu(Mlc#)6K8LHm-lYi[7sc}25K@146.148.72.133:5432/netra",
                            "value_from": []
                          },
                          {
                            "name": "ENVIRONMENT",
                            "value": "production",
                            "value_from": []
                          },
                          {
                            "name": "JWT_SECRET_KEY",
                            "value": "",
                            "value_from": [
                              {
                                "secret_key_ref": [
                                  {
                                    "key": "latest",
                                    "name": "netra-jwt-secret"
                                  }
                                ]
                              }
                            ]
                          },
                          {
                            "name": "REDIS_URL",
                            "value": "redis://staging-redis:6379",
                            "value_from": []
                          }
                        ],
                        "env_from": [],
                        "image": "us-central1-docker.pkg.dev/netra-staging/netra-containers/backend:latest",
                        "liveness_probe": [],
                        "name": "",
                        "ports": [],
                        "resources": [
                          {
                            "limits": {
                              "cpu": "1",
                              "memory": "2Gi"
                            },
                            "requests": null
                          }
                        ],
                        "startup_probe": [],
                        "volume_mounts": [],
                        "working_dir": ""
                      }
                    ],
                    "service_account_name": "netra-cloudrun@netra-staging.iam.gserviceaccount.com",
                    "serving_state": "",
                    "timeout_seconds": 0,
                    "volumes": []
                  }
                ]
              }
            ],
            "timeouts": null,
            "traffic": [
              {
                "latest_revision": true,
                "percent": 100,
                "revision_name": "",
                "tag": "",
                "url": ""
              }
            ]
          },
          "sensitive_attributes": [
            [
              {
                "type": "get_attr",
                "value": "template"
              },
              {
                "type": "index",
                "value": {
                  "value": 0,
                  "type": "number"
                }
              },
              {
                "type": "get_attr",
                "value": "spec"
              },
              {
                "type": "index",
                "value": {
                  "value": 0,
                  "type": "number"
                }
              },
              {
                "type": "get_attr",
                "value": "containers"
              },
              {
                "type": "index",
                "value": {
                  "value": 0,
                  "type": "number"
                }
              },
              {
                "type": "get_attr",
                "value": "env"
              }
            ]
          ],
          "identity_schema_version": 0,
          "private": "eyJlMmJmYjczMC1lY2FhLTExZTYtOGY4OC0zNDM2M2JjN2M0YzAiOnsiY3JlYXRlIjoxMjAwMDAwMDAwMDAwLCJkZWxldGUiOjEyMDAwMDAwMDAwMDAsInVwZGF0ZSI6MTIwMDAwMDAwMDAwMH0sInNjaGVtYV92ZXJzaW9uIjoiMiJ9",
          "dependencies": [
            "google_artifact_registry_repository.main",
            "google_project_service.apis",
            "google_secret_manager_secret.jwt_secret",
            "google_service_account.cloudrun",
            "google_sql_database.main",
            "google_sql_database_instance.postgres",
            "google_sql_user.main",
            "random_id.db_name_suffix",
            "random_password.db_password"
          ]
        }
      ]
    },
    {
      "mode": "managed",
      "type": "google_project_iam_member",
      "name": "cloudrun_secrets",
      "provider": "provider[\"registry.terraform.io/hashicorp/google\"]",
      "instances": [
        {
          "schema_version": 0,
          "attributes": {
            "condition": [],
            "etag": "BwY8bntJ5ao=",
            "id": "netra-staging/roles/secretmanager.secretAccessor/serviceAccount:netra-cloudrun@netra-staging.iam.gserviceaccount.com",
            "member": "serviceAccount:netra-cloudrun@netra-staging.iam.gserviceaccount.com",
            "project": "netra-staging",
            "role": "roles/secretmanager.secretAccessor"
          },
          "sensitive_attributes": [],
          "identity_schema_version": 0,
          "private": "bnVsbA==",
          "dependencies": [
            "google_project_service.apis",
            "google_service_account.cloudrun"
          ]
        }
      ]
    },
    {
      "mode": "managed",
      "type": "google_project_iam_member",
      "name": "cloudrun_sql",
      "provider": "provider[\"registry.terraform.io/hashicorp/google\"]",
      "instances": [
        {
          "schema_version": 0,
          "attributes": {
            "condition": [],
            "etag": "BwY8bntJ5ao=",
            "id": "netra-staging/roles/cloudsql.client/serviceAccount:netra-cloudrun@netra-staging.iam.gserviceaccount.com",
            "member": "serviceAccount:netra-cloudrun@netra-staging.iam.gserviceaccount.com",
            "project": "netra-staging",
            "role": "roles/cloudsql.client"
          },
          "sensitive_attributes": [],
          "identity_schema_version": 0,
          "private": "bnVsbA==",
          "dependencies": [
            "google_project_service.apis",
            "google_service_account.cloudrun"
          ]
        }
      ]
    },
    {
      "mode": "managed",
      "type": "google_project_service",
      "name": "apis",
      "provider": "provider[\"registry.terraform.io/hashicorp/google\"]",
      "instances": [
        {
          "index_key": "artifactregistry.googleapis.com",
          "schema_version": 0,
          "attributes": {
            "disable_dependent_services": null,
            "disable_on_destroy": false,
            "id": "netra-staging/artifactregistry.googleapis.com",
            "project": "netra-staging",
            "service": "artifactregistry.googleapis.com",
            "timeouts": null
          },
          "sensitive_attributes": [],
          "identity_schema_version": 0,
          "private": "eyJlMmJmYjczMC1lY2FhLTExZTYtOGY4OC0zNDM2M2JjN2M0YzAiOnsiY3JlYXRlIjoxMjAwMDAwMDAwMDAwLCJkZWxldGUiOjEyMDAwMDAwMDAwMDAsInJlYWQiOjYwMDAwMDAwMDAwMCwidXBkYXRlIjoxMjAwMDAwMDAwMDAwfX0="
        },
        {
          "index_key": "compute.googleapis.com",
          "schema_version": 0,
          "attributes": {
            "disable_dependent_services": null,
            "disable_on_destroy": false,
            "id": "netra-staging/compute.googleapis.com",
            "project": "netra-staging",
            "service": "compute.googleapis.com",
            "timeouts": null
          },
          "sensitive_attributes": [],
          "identity_schema_version": 0,
          "private": "eyJlMmJmYjczMC1lY2FhLTExZTYtOGY4OC0zNDM2M2JjN2M0YzAiOnsiY3JlYXRlIjoxMjAwMDAwMDAwMDAwLCJkZWxldGUiOjEyMDAwMDAwMDAwMDAsInJlYWQiOjYwMDAwMDAwMDAwMCwidXBkYXRlIjoxMjAwMDAwMDAwMDAwfX0="
        },
        {
          "index_key": "container.googleapis.com",
          "schema_version": 0,
          "attributes": {
            "disable_dependent_services": null,
            "disable_on_destroy": false,
            "id": "netra-staging/container.googleapis.com",
            "project": "netra-staging",
            "service": "container.googleapis.com",
            "timeouts": null
          },
          "sensitive_attributes": [],
          "identity_schema_version": 0,
          "private": "eyJlMmJmYjczMC1lY2FhLTExZTYtOGY4OC0zNDM2M2JjN2M0YzAiOnsiY3JlYXRlIjoxMjAwMDAwMDAwMDAwLCJkZWxldGUiOjEyMDAwMDAwMDAwMDAsInJlYWQiOjYwMDAwMDAwMDAwMCwidXBkYXRlIjoxMjAwMDAwMDAwMDAwfX0="
        },
        {
          "index_key": "run.googleapis.com",
          "schema_version": 0,
          "attributes": {
            "disable_dependent_services": null,
            "disable_on_destroy": false,
            "id": "netra-staging/run.googleapis.com",
            "project": "netra-staging",
            "service": "run.googleapis.com",
            "timeouts": null
          },
          "sensitive_attributes": [],
          "identity_schema_version": 0,
          "private": "eyJlMmJmYjczMC1lY2FhLTExZTYtOGY4OC0zNDM2M2JjN2M0YzAiOnsiY3JlYXRlIjoxMjAwMDAwMDAwMDAwLCJkZWxldGUiOjEyMDAwMDAwMDAwMDAsInJlYWQiOjYwMDAwMDAwMDAwMCwidXBkYXRlIjoxMjAwMDAwMDAwMDAwfX0="
        },
        {
          "index_key": "secretmanager.googleapis.com",
          "schema_version": 0,
          "attributes": {
            "disable_dependent_services": null,
            "disable_on_destroy": false,
            "id": "netra-staging/secretmanager.googleapis.com",
            "project": "netra-staging",
            "service": "secretmanager.googleapis.com",
            "timeouts": null
          },
          "sensitive_attributes": [],
          "identity_schema_version": 0,
          "private": "eyJlMmJmYjczMC1lY2FhLTExZTYtOGY4OC0zNDM2M2JjN2M0YzAiOnsiY3JlYXRlIjoxMjAwMDAwMDAwMDAwLCJkZWxldGUiOjEyMDAwMDAwMDAwMDAsInJlYWQiOjYwMDAwMDAwMDAwMCwidXBkYXRlIjoxMjAwMDAwMDAwMDAwfX0="
        },
        {
          "index_key": "sqladmin.googleapis.com",
          "schema_version": 0,
          "attributes": {
            "disable_dependent_services": null,
            "disable_on_destroy": false,
            "id": "netra-staging/sqladmin.googleapis.com",
            "project": "netra-staging",
            "service": "sqladmin.googleapis.com",
            "timeouts": null
          },
          "sensitive_attributes": [],
          "identity_schema_version": 0,
          "private": "eyJlMmJmYjczMC1lY2FhLTExZTYtOGY4OC0zNDM2M2JjN2M0YzAiOnsiY3JlYXRlIjoxMjAwMDAwMDAwMDAwLCJkZWxldGUiOjEyMDAwMDAwMDAwMDAsInJlYWQiOjYwMDAwMDAwMDAwMCwidXBkYXRlIjoxMjAwMDAwMDAwMDAwfX0="
        }
      ]
    },
    {
      "mode": "managed",
      "type": "google_secret_manager_secret",
      "name": "db_password",
      "provider": "provider[\"registry.terraform.io/hashicorp/google\"]",
      "instances": [
        {
          "schema_version": 0,
          "attributes": {
            "annotations": {},
            "create_time": "2025-08-15T21:57:38.046340Z",
            "effective_annotations": {},
            "effective_labels": {},
            "expire_time": "",
            "id": "projects/netra-staging/secrets/netra-db-password",
            "labels": {},
            "name": "projects/701982941522/secrets/netra-db-password",
            "project": "netra-staging",
            "replication": [
              {
                "auto": [
                  {
                    "customer_managed_encryption": []
                  }
                ],
                "user_managed": []
              }
            ],
            "rotation": [],
            "secret_id": "netra-db-password",
            "terraform_labels": {},
            "timeouts": null,
            "topics": [],
            "ttl": null,
            "version_aliases": {},
            "version_destroy_ttl": ""
          },
          "sensitive_attributes": [],
          "identity_schema_version": 0,
          "private": "eyJlMmJmYjczMC1lY2FhLTExZTYtOGY4OC0zNDM2M2JjN2M0YzAiOnsiY3JlYXRlIjoxMjAwMDAwMDAwMDAwLCJkZWxldGUiOjEyMDAwMDAwMDAwMDAsInVwZGF0ZSI6MTIwMDAwMDAwMDAwMH19",
          "dependencies": [
            "google_project_service.apis"
          ]
        }
      ]
    },
    {
      "mode": "managed",
      "type": "google_secret_manager_secret",
      "name": "jwt_secret",
      "provider": "provider[\"registry.terraform.io/hashicorp/google\"]",
      "instances": [
        {
          "schema_version": 0,
          "attributes": {
            "annotations": {},
            "create_time": "2025-08-15T21:57:38.046300Z",
            "effective_annotations": {},
            "effective_labels": {},
            "expire_time": "",
            "id": "projects/netra-staging/secrets/netra-jwt-secret",
            "labels": {},
            "name": "projects/701982941522/secrets/netra-jwt-secret",
            "project": "netra-staging",
            "replication": [
              {
                "auto": [
                  {
                    "customer_managed_encryption": []
                  }
                ],
                "user_managed": []
              }
            ],
            "rotation": [],
            "secret_id": "netra-jwt-secret",
            "terraform_labels": {},
            "timeouts": null,
            "topics": [],
            "ttl": null,
            "version_aliases": {},
            "version_destroy_ttl": ""
          },
          "sensitive_attributes": [],
          "identity_schema_version": 0,
          "private": "eyJlMmJmYjczMC1lY2FhLTExZTYtOGY4OC0zNDM2M2JjN2M0YzAiOnsiY3JlYXRlIjoxMjAwMDAwMDAwMDAwLCJkZWxldGUiOjEyMDAwMDAwMDAwMDAsInVwZGF0ZSI6MTIwMDAwMDAwMDAwMH19",
          "dependencies": [
            "google_project_service.apis"
          ]
        }
      ]
    },
    {
      "mode": "managed",
      "type": "google_secret_manager_secret_version",
      "name": "db_password",
      "provider": "provider[\"registry.terraform.io/hashicorp/google\"]",
      "instances": [
        {
          "schema_version": 0,
          "attributes": {
            "create_time": "2025-08-15T21:57:39.870313Z",
            "deletion_policy": "DELETE",
            "destroy_time": "",
            "enabled": true,
            "id": "projects/701982941522/secrets/netra-db-password/versions/1",
            "is_secret_data_base64": false,
            "name": "projects/701982941522/secrets/netra-db-password/versions/1",
            "secret": "projects/netra-staging/secrets/netra-db-password",
            "secret_data": "qNdlZRHu(Mlc#)6K8LHm-lYi[7sc}25K",
            "timeouts": null,
            "version": "1"
          },
          "sensitive_attributes": [
            [
              {
                "type": "get_attr",
                "value": "secret_data"
              }
            ]
          ],
          "identity_schema_version": 0,
          "private": "eyJlMmJmYjczMC1lY2FhLTExZTYtOGY4OC0zNDM2M2JjN2M0YzAiOnsiY3JlYXRlIjoxMjAwMDAwMDAwMDAwLCJkZWxldGUiOjEyMDAwMDAwMDAwMDAsInVwZGF0ZSI6MTIwMDAwMDAwMDAwMH19",
          "dependencies": [
            "google_project_service.apis",
            "google_secret_manager_secret.db_password",
            "random_password.db_password"
          ]
        }
      ]
    },
    {
      "mode": "managed",
      "type": "google_secret_manager_secret_version",
      "name": "jwt_secret",
      "provider": "provider[\"registry.terraform.io/hashicorp/google\"]",
      "instances": [
        {
          "schema_version": 0,
          "attributes": {
            "create_time": "2025-08-15T21:57:39.403038Z",
            "deletion_policy": "DELETE",
            "destroy_time": "",
            "enabled": true,
            "id": "projects/701982941522/secrets/netra-jwt-secret/versions/1",
            "is_secret_data_base64": false,
            "name": "projects/701982941522/secrets/netra-jwt-secret/versions/1",
            "secret": "projects/netra-staging/secrets/netra-jwt-secret",
            "secret_data": "RCkAeBSzGBmljxcKRp29Dwy4vlm5oWPiegmwPHKdxFZKWJ1oTBcFhbFXsJUy4ujl",
            "timeouts": null,
            "version": "1"
          },
          "sensitive_attributes": [
            [
              {
                "type": "get_attr",
                "value": "secret_data"
              }
            ]
          ],
          "identity_schema_version": 0,
          "private": "eyJlMmJmYjczMC1lY2FhLTExZTYtOGY4OC0zNDM2M2JjN2M0YzAiOnsiY3JlYXRlIjoxMjAwMDAwMDAwMDAwLCJkZWxldGUiOjEyMDAwMDAwMDAwMDAsInVwZGF0ZSI6MTIwMDAwMDAwMDAwMH19",
          "dependencies": [
            "google_project_service.apis",
            "google_secret_manager_secret.jwt_secret",
            "random_password.jwt_secret"
          ]
        }
      ]
    },
    {
      "mode": "managed",
      "type": "google_service_account",
      "name": "cloudrun",
      "provider": "provider[\"registry.terraform.io/hashicorp/google\"]",
      "instances": [
        {
          "schema_version": 0,
          "attributes": {
            "account_id": "netra-cloudrun",
            "create_ignore_already_exists": null,
            "description": "",
            "disabled": false,
            "display_name": "Netra Cloud Run Service Account",
            "email": "netra-cloudrun@netra-staging.iam.gserviceaccount.com",
            "id": "projects/netra-staging/serviceAccounts/netra-cloudrun@netra-staging.iam.gserviceaccount.com",
            "member": "serviceAccount:netra-cloudrun@netra-staging.iam.gserviceaccount.com",
            "name": "projects/netra-staging/serviceAccounts/netra-cloudrun@netra-staging.iam.gserviceaccount.com",
            "project": "netra-staging",
            "timeouts": null,
            "unique_id": "113719578011129744794"
          },
          "sensitive_attributes": [],
          "identity_schema_version": 0,
          "private": "eyJlMmJmYjczMC1lY2FhLTExZTYtOGY4OC0zNDM2M2JjN2M0YzAiOnsiY3JlYXRlIjozMDAwMDAwMDAwMDB9fQ==",
          "dependencies": [
            "google_project_service.apis"
          ]
        }
      ]
    },
    {
      "mode": "managed",
      "type": "google_sql_database",
      "name": "main",
      "provider": "provider[\"registry.terraform.io/hashicorp/google\"]",
      "instances": [
        {
          "schema_version": 0,
          "attributes": {
            "charset": "UTF8",
            "collation": "en_US.UTF8",
            "deletion_policy": "DELETE",
            "id": "projects/netra-staging/instances/netra-postgres-2db4ccab/databases/netra",
            "instance": "netra-postgres-2db4ccab",
            "name": "netra",
            "project": "netra-staging",
            "self_link": "https://sqladmin.googleapis.com/sql/v1beta4/projects/netra-staging/instances/netra-postgres-2db4ccab/databases/netra",
            "timeouts": null
          },
          "sensitive_attributes": [],
          "identity_schema_version": 0,
          "private": "eyJlMmJmYjczMC1lY2FhLTExZTYtOGY4OC0zNDM2M2JjN2M0YzAiOnsiY3JlYXRlIjoxMjAwMDAwMDAwMDAwLCJkZWxldGUiOjEyMDAwMDAwMDAwMDAsInVwZGF0ZSI6MTIwMDAwMDAwMDAwMH19",
          "dependencies": [
            "google_project_service.apis",
            "google_sql_database_instance.postgres",
            "random_id.db_name_suffix"
          ]
        }
      ]
    },
    {
      "mode": "managed",
      "type": "google_sql_database_instance",
      "name": "postgres",
      "provider": "provider[\"registry.terraform.io/hashicorp/google\"]",
      "instances": [
        {
          "schema_version": 0,
          "attributes": {
            "available_maintenance_versions": [],
            "clone": [],
            "connection_name": "netra-staging:us-central1:netra-postgres-2db4ccab",
            "database_version": "POSTGRES_14",
            "deletion_protection": false,
            "dns_name": "",
            "encryption_key_name": null,
            "first_ip_address": "146.148.72.133",
            "id": "netra-postgres-2db4ccab",
            "instance_type": "CLOUD_SQL_INSTANCE",
            "ip_address": [
              {
                "ip_address": "146.148.72.133",
                "time_to_retire": "",
                "type": "PRIMARY"
              },
              {
                "ip_address": "34.132.222.29",
                "time_to_retire": "",
                "type": "OUTGOING"
              }
            ],
            "maintenance_version": "POSTGRES_14_18.R20250302.00_31",
            "master_instance_name": "",
            "name": "netra-postgres-2db4ccab",
            "private_ip_address": "",
            "project": "netra-staging",
            "psc_service_attachment_link": "",
            "public_ip_address": "146.148.72.133",
            "region": "us-central1",
            "replica_configuration": [],
            "restore_backup_context": [],
            "root_password": null,
            "self_link": "https://sqladmin.googleapis.com/sql/v1beta4/projects/netra-staging/instances/netra-postgres-2db4ccab",
            "server_ca_cert": [
              {
                "cert": "-----BEGIN CERTIFICATE-----\nMIIDfzCCAmegAwIBAgIBADANBgkqhkiG9w0BAQsFADB3MS0wKwYDVQQuEyQxM2Uy\nMDBhYy00OTA2LTRlYTAtOTgzZS01YTM0YWUyYWVjNTkxIzAhBgNVBAMTGkdvb2ds\nZSBDbG91ZCBTUUwgU2VydmVyIENBMRQwEgYDVQQKEwtHb29nbGUsIEluYzELMAkG\nA1UEBhMCVVMwHhcNMjUwODE1MjE1ODA4WhcNMzUwODEzMjE1OTA4WjB3MS0wKwYD\nVQQuEyQxM2UyMDBhYy00OTA2LTRlYTAtOTgzZS01YTM0YWUyYWVjNTkxIzAhBgNV\nBAMTGkdvb2dsZSBDbG91ZCBTUUwgU2VydmVyIENBMRQwEgYDVQQKEwtHb29nbGUs\nIEluYzELMAkGA1UEBhMCVVMwggEiMA0GCSqGSIb3DQEBAQUAA4IBDwAwggEKAoIB\nAQDg6qvIezs/dGE3wdxF5lshmVILF37x8xIYWbbJflD3sAcB1WPGo1DCSud9LOLG\naRJvXq/W2Z6AcNrpctiWQtFnO47mMFQ62t32Xwy7fwvzO6DJJqi3OzCospvl2XiY\nhMvoMSgRCyHmHhNrHaBTMvnvmq19jSRfcGeUzm96367xH3VYjhcaXgF3uXGP4hlO\noJe6moR+b6X3fpiDizZ5UX4RlMdX8ODOV2yW33xzKRfdLTI0jjMhEoZQ6MWdHZG0\nzfxCjQA++GeELfKyitnLk8p9tgjynrQki42tSwIM723xIvALjwI2YaPwpyYBWgrj\nyFcD+uTs8cd5Q+A5uwqFCwulAgMBAAGjFjAUMBIGA1UdEwEB/wQIMAYBAf8CAQAw\nDQYJKoZIhvcNAQELBQADggEBAID9oShhUOuNFRb1yV967LOLL8cKFPEB3wXOxWkM\nSL4MsdD5F2dRz3B2UA7KPYURTkpaw6oRBUr+E8h5VgAuv5s+ROoEratVCd/IZc1h\nXgF/ScHsXYR99r83Mm/o+0aGNCJ1XvE1M8oNZC9eIpwIx7qC/R8ko/8hM4yKZGdF\nUwkSepy57mjel00cqcFQXAr6yiiEWEqCD2GwS9ZB/kdQLOlBRZHufrQCuF/DhSpm\nxzEs21lJjoAEikTRnpRHsOUe5KRhH8ov+ZX0yClgZj+KS4EOQmNSOkh+EQxDx1Kg\nMOoI6RUD2mJaKT1OFCihBNGeD61hbgxUmudAPse9S60m0ss=\n-----END CERTIFICATE-----",
                "common_name": "C=US,O=Google\\, Inc,CN=Google Cloud SQL Server CA,dnQualifier=13e200ac-4906-4ea0-983e-5a34ae2aec59",
                "create_time": "2025-08-15T21:58:08.099Z",
                "expiration_time": "2035-08-13T21:59:08.099Z",
                "sha1_fingerprint": "b74fc7686383f6c9d47f5bb9622ffd2042815a24"
              }
            ],
            "service_account_email_address": "p701982941522-h6kr07@gcp-sa-cloud-sql.iam.gserviceaccount.com",
            "settings": [
              {
                "activation_policy": "ALWAYS",
                "active_directory_config": [],
                "advanced_machine_features": [],
                "availability_type": "ZONAL",
                "backup_configuration": [
                  {
                    "backup_retention_settings": [
                      {
                        "retained_backups": 7,
                        "retention_unit": "COUNT"
                      }
                    ],
                    "binary_log_enabled": false,
                    "enabled": true,
                    "location": "us-central1",
                    "point_in_time_recovery_enabled": false,
                    "start_time": "03:00",
                    "transaction_log_retention_days": 7
                  }
                ],
                "collation": "",
                "connector_enforcement": "NOT_REQUIRED",
                "data_cache_config": [],
                "database_flags": [
                  {
                    "name": "max_connections",
                    "value": "50"
                  }
                ],
                "deletion_protection_enabled": false,
                "deny_maintenance_period": [],
                "disk_autoresize": true,
                "disk_autoresize_limit": 0,
                "disk_size": 20,
                "disk_type": "PD_SSD",
                "edition": "ENTERPRISE",
                "enable_dataplex_integration": false,
                "enable_google_ml_integration": false,
                "insights_config": [],
                "ip_configuration": [
                  {
                    "allocated_ip_range": "",
                    "authorized_networks": [
                      {
                        "expiration_time": "",
                        "name": "allow-all",
                        "value": "0.0.0.0/0"
                      }
                    ],
                    "enable_private_path_for_google_cloud_services": false,
                    "ipv4_enabled": true,
                    "private_network": "",
                    "psc_config": [],
                    "require_ssl": false,
                    "server_ca_mode": "GOOGLE_MANAGED_INTERNAL_CA",
                    "ssl_mode": ""
                  }
                ],
                "location_preference": [
                  {
                    "follow_gae_application": "",
                    "secondary_zone": "",
                    "zone": "us-central1-c"
                  }
                ],
                "maintenance_window": [],
                "password_validation_policy": [],
                "pricing_plan": "PER_USE",
                "sql_server_audit_config": [],
                "tier": "db-f1-micro",
                "time_zone": "",
                "user_labels": {},
                "version": 2
              }
            ],
            "timeouts": null
          },
          "sensitive_attributes": [
            [
              {
                "type": "get_attr",
                "value": "root_password"
              }
            ],
            [
              {
                "type": "get_attr",
                "value": "server_ca_cert"
              }
            ]
          ],
          "identity_schema_version": 0,
          "private": "eyJlMmJmYjczMC1lY2FhLTExZTYtOGY4OC0zNDM2M2JjN2M0YzAiOnsiY3JlYXRlIjo1NDAwMDAwMDAwMDAwLCJkZWxldGUiOjU0MDAwMDAwMDAwMDAsInVwZGF0ZSI6NTQwMDAwMDAwMDAwMH19",
          "dependencies": [
            "google_project_service.apis",
            "random_id.db_name_suffix"
          ]
        }
      ]
    },
    {
      "mode": "managed",
      "type": "google_sql_user",
      "name": "main",
      "provider": "provider[\"registry.terraform.io/hashicorp/google\"]",
      "instances": [
        {
          "schema_version": 1,
          "attributes": {
            "deletion_policy": null,
            "host": "",
            "id": "netra_user//netra-postgres-2db4ccab",
            "instance": "netra-postgres-2db4ccab",
            "name": "netra_user",
            "password": "qNdlZRHu(Mlc#)6K8LHm-lYi[7sc}25K",
            "password_policy": [],
            "project": "netra-staging",
            "sql_server_user_details": [],
            "timeouts": null,
            "type": ""
          },
          "sensitive_attributes": [
            [
              {
                "type": "get_attr",
                "value": "password"
              }
            ]
          ],
          "identity_schema_version": 0,
          "private": "eyJlMmJmYjczMC1lY2FhLTExZTYtOGY4OC0zNDM2M2JjN2M0YzAiOnsiY3JlYXRlIjo2MDAwMDAwMDAwMDAsImRlbGV0ZSI6NjAwMDAwMDAwMDAwLCJ1cGRhdGUiOjYwMDAwMDAwMDAwMH0sInNjaGVtYV92ZXJzaW9uIjoiMSJ9",
          "dependencies": [
            "google_project_service.apis",
            "google_sql_database_instance.postgres",
            "random_id.db_name_suffix",
            "random_password.db_password"
          ]
        }
      ]
    },
    {
      "mode": "managed",
      "type": "random_id",
      "name": "db_name_suffix",
      "provider": "provider[\"registry.terraform.io/hashicorp/random\"]",
      "instances": [
        {
          "schema_version": 0,
          "attributes": {
            "b64_std": "LbTMqw==",
            "b64_url": "LbTMqw",
            "byte_length": 4,
            "dec": "766823595",
            "hex": "2db4ccab",
            "id": "LbTMqw",
            "keepers": null,
            "prefix": null
          },
          "sensitive_attributes": [],
          "identity_schema_version": 0
        }
      ]
    },
    {
      "mode": "managed",
      "type": "random_password",
      "name": "db_password",
      "provider": "provider[\"registry.terraform.io/hashicorp/random\"]",
      "instances": [
        {
          "schema_version": 3,
          "attributes": {
            "bcrypt_hash": "$2a$10$ILdR/kRuN2MB8zST1g7Kd.Byi4.1CMpn6UAc6NtCuHVv7yhxX/VKW",
            "id": "none",
            "keepers": null,
            "length": 32,
            "lower": true,
            "min_lower": 0,
            "min_numeric": 0,
            "min_special": 0,
            "min_upper": 0,
            "number": true,
            "numeric": true,
            "override_special": null,
            "result": "qNdlZRHu(Mlc#)6K8LHm-lYi[7sc}25K",
            "special": true,
            "upper": true
          },
          "sensitive_attributes": [
            [
              {
                "type": "get_attr",
                "value": "bcrypt_hash"
              }
            ],
            [
              {
                "type": "get_attr",
                "value": "result"
              }
            ]
          ],
          "identity_schema_version": 0
        }
      ]
    },
    {
      "mode": "managed",
      "type": "random_password",
      "name": "jwt_secret",
      "provider": "provider[\"registry.terraform.io/hashicorp/random\"]",
      "instances": [
        {
          "schema_version": 3,
          "attributes": {
            "bcrypt_hash": "$2a$10$VGv9I5ZIEX8oSsKn79GtTuMNvZgND9z.jHRWLI31O.mXJXocgwShq",
            "id": "none",
            "keepers": null,
            "length": 64,
            "lower": true,
            "min_lower": 0,
            "min_numeric": 0,
            "min_special": 0,
            "min_upper": 0,
            "number": true,
            "numeric": true,
            "override_special": null,
            "result": "RCkAeBSzGBmljxcKRp29Dwy4vlm5oWPiegmwPHKdxFZKWJ1oTBcFhbFXsJUy4ujl",
            "special": false,
            "upper": true
          },
          "sensitive_attributes": [
            [
              {
                "type": "get_attr",
                "value": "bcrypt_hash"
              }
            ],
            [
              {
                "type": "get_attr",
                "value": "result"
              }
            ]
          ],
          "identity_schema_version": 0
        }
      ]
    }
  ],
  "check_results": null
}
