{
  "version": 4,
  "terraform_version": "1.12.2",
  "serial": 43,
  "lineage": "b9b78217-178a-c870-6581-9ae97d72fc0e",
  "outputs": {
    "image_repository": {
      "value": "us-central1-docker.pkg.dev/cryptic-net-466001-n0/github-runners/runner",
      "type": "string"
    }
  },
  "resources": [
    {
      "mode": "managed",
      "type": "google_artifact_registry_repository",
      "name": "runner_images",
      "provider": "provider[\"registry.terraform.io/hashicorp/google\"]",
      "instances": [
        {
          "schema_version": 0,
          "attributes": {
            "cleanup_policies": [],
            "cleanup_policy_dry_run": false,
            "create_time": "2025-08-14T19:57:15.044644Z",
            "description": "Docker images for GitHub Actions runners",
            "docker_config": [],
            "effective_labels": {},
            "format": "DOCKER",
            "id": "projects/cryptic-net-466001-n0/locations/us-central1/repositories/github-runners",
            "kms_key_name": "",
            "labels": {},
            "location": "us-central1",
            "maven_config": [],
            "mode": "STANDARD_REPOSITORY",
            "name": "github-runners",
            "project": "cryptic-net-466001-n0",
            "remote_repository_config": [],
            "repository_id": "github-runners",
            "terraform_labels": {},
            "timeouts": null,
            "update_time": "2025-08-14T20:08:00.018859Z",
            "virtual_repository_config": []
          },
          "sensitive_attributes": [],
          "identity_schema_version": 0,
          "private": "eyJlMmJmYjczMC1lY2FhLTExZTYtOGY4OC0zNDM2M2JjN2M0YzAiOnsiY3JlYXRlIjoxMjAwMDAwMDAwMDAwLCJkZWxldGUiOjEyMDAwMDAwMDAwMDAsInVwZGF0ZSI6MTIwMDAwMDAwMDAwMH19",
          "dependencies": [
            "google_project_service.required_apis"
          ]
        }
      ]
    },
    {
      "mode": "managed",
      "type": "google_cloud_run_v2_service",
      "name": "github_runner",
      "provider": "provider[\"registry.terraform.io/hashicorp/google\"]",
      "instances": [
        {
          "status": "tainted",
          "schema_version": 0,
          "attributes": {
            "annotations": null,
            "binary_authorization": [],
            "client": null,
            "client_version": null,
            "conditions": null,
            "create_time": null,
            "creator": null,
            "custom_audiences": null,
            "delete_time": null,
            "description": null,
            "effective_annotations": null,
            "effective_labels": null,
            "etag": null,
            "expire_time": null,
            "generation": null,
            "id": "projects/cryptic-net-466001-n0/locations/us-central1/services/github-runner",
            "ingress": null,
            "labels": null,
            "last_modifier": null,
            "latest_created_revision": null,
            "latest_ready_revision": null,
            "launch_stage": null,
            "location": "us-central1",
            "name": "github-runner",
            "observed_generation": null,
            "project": "cryptic-net-466001-n0",
            "reconciling": null,
            "template": [
              {
                "annotations": null,
                "containers": [
                  {
                    "args": null,
                    "command": null,
                    "depends_on": null,
                    "env": [
                      {
                        "name": "GITHUB_ORG",
                        "value": "netra-systems",
                        "value_source": []
                      },
                      {
                        "name": "GITHUB_REPO",
                        "value": "netra-apex",
                        "value_source": []
                      },
                      {
                        "name": "RUNNER_NAME",
                        "value": "gcp-cloudrun-runner",
                        "value_source": []
                      },
                      {
                        "name": "RUNNER_LABELS",
                        "value": "warp-custom-default,linux,x64,docker,cloud-run,netra",
                        "value_source": []
                      },
                      {
                        "name": "GITHUB_TOKEN",
                        "value": "",
                        "value_source": [
                          {
                            "secret_key_ref": [
                              {
                                "secret": "github-runner-token",
                                "version": "latest"
                              }
                            ]
                          }
                        ]
                      }
                    ],
                    "image": "us-central1-docker.pkg.dev/cryptic-net-466001-n0/github-runners/runner:latest",
                    "liveness_probe": [],
                    "name": "",
                    "ports": [],
                    "resources": [
                      {
                        "cpu_idle": true,
                        "limits": {
                          "cpu": "2",
                          "memory": "4Gi"
                        },
                        "startup_cpu_boost": false
                      }
                    ],
                    "startup_probe": [],
                    "volume_mounts": [],
                    "working_dir": ""
                  }
                ],
                "encryption_key": "",
                "execution_environment": "",
                "labels": null,
                "max_instance_request_concurrency": 0,
                "revision": "",
                "scaling": [
                  {
                    "max_instance_count": 5,
                    "min_instance_count": 1
                  }
                ],
                "service_account": "github-runner-cloudrun@cryptic-net-466001-n0.iam.gserviceaccount.com",
                "session_affinity": false,
                "timeout": "3600s",
                "volumes": [],
                "vpc_access": []
              }
            ],
            "terminal_condition": null,
            "terraform_labels": null,
            "timeouts": null,
            "traffic": [
              {
                "percent": 100,
                "revision": "",
                "tag": "",
                "type": "TRAFFIC_TARGET_ALLOCATION_TYPE_LATEST"
              }
            ],
            "traffic_statuses": null,
            "uid": null,
            "update_time": null,
            "uri": null
          },
          "sensitive_attributes": [],
          "identity_schema_version": 0,
          "private": "eyJlMmJmYjczMC1lY2FhLTExZTYtOGY4OC0zNDM2M2JjN2M0YzAiOnsiY3JlYXRlIjoxMjAwMDAwMDAwMDAwLCJkZWxldGUiOjEyMDAwMDAwMDAwMDAsInVwZGF0ZSI6MTIwMDAwMDAwMDAwMH19",
          "dependencies": [
            "google_project_service.required_apis",
            "google_secret_manager_secret.github_token",
            "google_secret_manager_secret_iam_member.token_accessor",
            "google_secret_manager_secret_version.github_token",
            "google_service_account.runner_sa"
          ]
        }
      ]
    },
    {
      "mode": "managed",
      "type": "google_project_iam_member",
      "name": "runner_roles",
      "provider": "provider[\"registry.terraform.io/hashicorp/google\"]",
      "instances": [
        {
          "index_key": "roles/logging.logWriter",
          "schema_version": 0,
          "attributes": {
            "condition": [],
            "etag": "BwY8WK5SVro=",
            "id": "cryptic-net-466001-n0/roles/logging.logWriter/serviceAccount:github-runner-cloudrun@cryptic-net-466001-n0.iam.gserviceaccount.com",
            "member": "serviceAccount:github-runner-cloudrun@cryptic-net-466001-n0.iam.gserviceaccount.com",
            "project": "cryptic-net-466001-n0",
            "role": "roles/logging.logWriter"
          },
          "sensitive_attributes": [],
          "identity_schema_version": 0,
          "private": "bnVsbA==",
          "dependencies": [
            "google_service_account.runner_sa"
          ]
        },
        {
          "index_key": "roles/monitoring.metricWriter",
          "schema_version": 0,
          "attributes": {
            "condition": [],
            "etag": "BwY8WK5SVro=",
            "id": "cryptic-net-466001-n0/roles/monitoring.metricWriter/serviceAccount:github-runner-cloudrun@cryptic-net-466001-n0.iam.gserviceaccount.com",
            "member": "serviceAccount:github-runner-cloudrun@cryptic-net-466001-n0.iam.gserviceaccount.com",
            "project": "cryptic-net-466001-n0",
            "role": "roles/monitoring.metricWriter"
          },
          "sensitive_attributes": [],
          "identity_schema_version": 0,
          "private": "bnVsbA==",
          "dependencies": [
            "google_service_account.runner_sa"
          ]
        },
        {
          "index_key": "roles/secretmanager.secretAccessor",
          "schema_version": 0,
          "attributes": {
            "condition": [],
            "etag": "BwY8WK5SVro=",
            "id": "cryptic-net-466001-n0/roles/secretmanager.secretAccessor/serviceAccount:github-runner-cloudrun@cryptic-net-466001-n0.iam.gserviceaccount.com",
            "member": "serviceAccount:github-runner-cloudrun@cryptic-net-466001-n0.iam.gserviceaccount.com",
            "project": "cryptic-net-466001-n0",
            "role": "roles/secretmanager.secretAccessor"
          },
          "sensitive_attributes": [],
          "identity_schema_version": 0,
          "private": "bnVsbA==",
          "dependencies": [
            "google_service_account.runner_sa"
          ]
        }
      ]
    },
    {
      "mode": "managed",
      "type": "google_project_service",
      "name": "required_apis",
      "provider": "provider[\"registry.terraform.io/hashicorp/google\"]",
      "instances": [
        {
          "index_key": "artifactregistry.googleapis.com",
          "schema_version": 0,
          "attributes": {
            "disable_dependent_services": null,
            "disable_on_destroy": false,
            "id": "cryptic-net-466001-n0/artifactregistry.googleapis.com",
            "project": "cryptic-net-466001-n0",
            "service": "artifactregistry.googleapis.com",
            "timeouts": null
          },
          "sensitive_attributes": [],
          "identity_schema_version": 0,
          "private": "eyJlMmJmYjczMC1lY2FhLTExZTYtOGY4OC0zNDM2M2JjN2M0YzAiOnsiY3JlYXRlIjoxMjAwMDAwMDAwMDAwLCJkZWxldGUiOjEyMDAwMDAwMDAwMDAsInJlYWQiOjYwMDAwMDAwMDAwMCwidXBkYXRlIjoxMjAwMDAwMDAwMDAwfX0="
        },
        {
          "index_key": "cloudbuild.googleapis.com",
          "schema_version": 0,
          "attributes": {
            "disable_dependent_services": null,
            "disable_on_destroy": false,
            "id": "cryptic-net-466001-n0/cloudbuild.googleapis.com",
            "project": "cryptic-net-466001-n0",
            "service": "cloudbuild.googleapis.com",
            "timeouts": null
          },
          "sensitive_attributes": [],
          "identity_schema_version": 0,
          "private": "eyJlMmJmYjczMC1lY2FhLTExZTYtOGY4OC0zNDM2M2JjN2M0YzAiOnsiY3JlYXRlIjoxMjAwMDAwMDAwMDAwLCJkZWxldGUiOjEyMDAwMDAwMDAwMDAsInJlYWQiOjYwMDAwMDAwMDAwMCwidXBkYXRlIjoxMjAwMDAwMDAwMDAwfX0="
        },
        {
          "index_key": "compute.googleapis.com",
          "schema_version": 0,
          "attributes": {
            "disable_dependent_services": null,
            "disable_on_destroy": false,
            "id": "cryptic-net-466001-n0/compute.googleapis.com",
            "project": "cryptic-net-466001-n0",
            "service": "compute.googleapis.com",
            "timeouts": null
          },
          "sensitive_attributes": [],
          "identity_schema_version": 0,
          "private": "eyJlMmJmYjczMC1lY2FhLTExZTYtOGY4OC0zNDM2M2JjN2M0YzAiOnsiY3JlYXRlIjoxMjAwMDAwMDAwMDAwLCJkZWxldGUiOjEyMDAwMDAwMDAwMDAsInJlYWQiOjYwMDAwMDAwMDAwMCwidXBkYXRlIjoxMjAwMDAwMDAwMDAwfX0="
        },
        {
          "index_key": "run.googleapis.com",
          "schema_version": 0,
          "attributes": {
            "disable_dependent_services": null,
            "disable_on_destroy": false,
            "id": "cryptic-net-466001-n0/run.googleapis.com",
            "project": "cryptic-net-466001-n0",
            "service": "run.googleapis.com",
            "timeouts": null
          },
          "sensitive_attributes": [],
          "identity_schema_version": 0,
          "private": "eyJlMmJmYjczMC1lY2FhLTExZTYtOGY4OC0zNDM2M2JjN2M0YzAiOnsiY3JlYXRlIjoxMjAwMDAwMDAwMDAwLCJkZWxldGUiOjEyMDAwMDAwMDAwMDAsInJlYWQiOjYwMDAwMDAwMDAwMCwidXBkYXRlIjoxMjAwMDAwMDAwMDAwfX0="
        },
        {
          "index_key": "secretmanager.googleapis.com",
          "schema_version": 0,
          "attributes": {
            "disable_dependent_services": null,
            "disable_on_destroy": false,
            "id": "cryptic-net-466001-n0/secretmanager.googleapis.com",
            "project": "cryptic-net-466001-n0",
            "service": "secretmanager.googleapis.com",
            "timeouts": null
          },
          "sensitive_attributes": [],
          "identity_schema_version": 0,
          "private": "eyJlMmJmYjczMC1lY2FhLTExZTYtOGY4OC0zNDM2M2JjN2M0YzAiOnsiY3JlYXRlIjoxMjAwMDAwMDAwMDAwLCJkZWxldGUiOjEyMDAwMDAwMDAwMDAsInJlYWQiOjYwMDAwMDAwMDAwMCwidXBkYXRlIjoxMjAwMDAwMDAwMDAwfX0="
        }
      ]
    },
    {
      "mode": "managed",
      "type": "google_secret_manager_secret",
      "name": "github_token",
      "provider": "provider[\"registry.terraform.io/hashicorp/google\"]",
      "instances": [
        {
          "schema_version": 0,
          "attributes": {
            "annotations": {},
            "create_time": "2025-08-14T19:57:07.428816Z",
            "effective_annotations": {},
            "effective_labels": {},
            "expire_time": "",
            "id": "projects/cryptic-net-466001-n0/secrets/github-runner-token",
            "labels": {},
            "name": "projects/304612253870/secrets/github-runner-token",
            "project": "cryptic-net-466001-n0",
            "replication": [
              {
                "auto": [
                  {
                    "customer_managed_encryption": []
                  }
                ],
                "user_managed": []
              }
            ],
            "rotation": [],
            "secret_id": "github-runner-token",
            "terraform_labels": {},
            "timeouts": null,
            "topics": [],
            "ttl": null,
            "version_aliases": {},
            "version_destroy_ttl": ""
          },
          "sensitive_attributes": [],
          "identity_schema_version": 0,
          "private": "eyJlMmJmYjczMC1lY2FhLTExZTYtOGY4OC0zNDM2M2JjN2M0YzAiOnsiY3JlYXRlIjoxMjAwMDAwMDAwMDAwLCJkZWxldGUiOjEyMDAwMDAwMDAwMDAsInVwZGF0ZSI6MTIwMDAwMDAwMDAwMH19",
          "dependencies": [
            "google_project_service.required_apis"
          ]
        }
      ]
    },
    {
      "mode": "managed",
      "type": "google_secret_manager_secret_iam_member",
      "name": "token_accessor",
      "provider": "provider[\"registry.terraform.io/hashicorp/google\"]",
      "instances": [
        {
          "schema_version": 0,
          "attributes": {
            "condition": [],
            "etag": "BwY8WK4esac=",
            "id": "projects/cryptic-net-466001-n0/secrets/github-runner-token/roles/secretmanager.secretAccessor/serviceAccount:github-runner-cloudrun@cryptic-net-466001-n0.iam.gserviceaccount.com",
            "member": "serviceAccount:github-runner-cloudrun@cryptic-net-466001-n0.iam.gserviceaccount.com",
            "project": "cryptic-net-466001-n0",
            "role": "roles/secretmanager.secretAccessor",
            "secret_id": "projects/cryptic-net-466001-n0/secrets/github-runner-token"
          },
          "sensitive_attributes": [],
          "identity_schema_version": 0,
          "private": "bnVsbA==",
          "dependencies": [
            "google_project_service.required_apis",
            "google_secret_manager_secret.github_token",
            "google_service_account.runner_sa"
          ]
        }
      ]
    },
    {
      "mode": "managed",
      "type": "google_secret_manager_secret_version",
      "name": "github_token",
      "provider": "provider[\"registry.terraform.io/hashicorp/google\"]",
      "instances": [
        {
          "schema_version": 0,
          "attributes": {
            "create_time": "2025-08-14T19:57:08.251588Z",
            "deletion_policy": "DELETE",
            "destroy_time": "",
            "enabled": true,
            "id": "projects/304612253870/secrets/github-runner-token/versions/1",
            "is_secret_data_base64": false,
            "name": "projects/304612253870/secrets/github-runner-token/versions/1",
            "secret": "projects/cryptic-net-466001-n0/secrets/github-runner-token",
            "secret_data": "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",
            "timeouts": null,
            "version": "1"
          },
          "sensitive_attributes": [
            [
              {
                "type": "get_attr",
                "value": "secret_data"
              }
            ]
          ],
          "identity_schema_version": 0,
          "private": "eyJlMmJmYjczMC1lY2FhLTExZTYtOGY4OC0zNDM2M2JjN2M0YzAiOnsiY3JlYXRlIjoxMjAwMDAwMDAwMDAwLCJkZWxldGUiOjEyMDAwMDAwMDAwMDAsInVwZGF0ZSI6MTIwMDAwMDAwMDAwMH19",
          "dependencies": [
            "google_project_service.required_apis",
            "google_secret_manager_secret.github_token"
          ]
        }
      ]
    },
    {
      "mode": "managed",
      "type": "google_service_account",
      "name": "runner_sa",
      "provider": "provider[\"registry.terraform.io/hashicorp/google\"]",
      "instances": [
        {
          "schema_version": 0,
          "attributes": {
            "account_id": "github-runner-cloudrun",
            "create_ignore_already_exists": null,
            "description": "",
            "disabled": false,
            "display_name": "GitHub Runner Cloud Run Service Account",
            "email": "github-runner-cloudrun@cryptic-net-466001-n0.iam.gserviceaccount.com",
            "id": "projects/cryptic-net-466001-n0/serviceAccounts/github-runner-cloudrun@cryptic-net-466001-n0.iam.gserviceaccount.com",
            "member": "serviceAccount:github-runner-cloudrun@cryptic-net-466001-n0.iam.gserviceaccount.com",
            "name": "projects/cryptic-net-466001-n0/serviceAccounts/github-runner-cloudrun@cryptic-net-466001-n0.iam.gserviceaccount.com",
            "project": "cryptic-net-466001-n0",
            "timeouts": null,
            "unique_id": "108854557869147329846"
          },
          "sensitive_attributes": [],
          "identity_schema_version": 0,
          "private": "eyJlMmJmYjczMC1lY2FhLTExZTYtOGY4OC0zNDM2M2JjN2M0YzAiOnsiY3JlYXRlIjozMDAwMDAwMDAwMDB9fQ=="
        }
      ]
    }
  ],
  "check_results": null
}
