{
  "version": 4,
  "terraform_version": "1.12.2",
  "serial": 10,
  "lineage": "15e450f3-e66a-f0ae-34f7-f25b1ef54e27",
  "outputs": {
    "artifact_registry": {
      "value": "us-central1-docker.pkg.dev/netra-staging/netra-containers",
      "type": "string"
    },
    "backup_bucket": {
      "value": "netra-staging-netra-backups",
      "type": "string"
    },
    "database_name": {
      "value": "netra",
      "type": "string"
    },
    "database_user": {
      "value": "netra_user",
      "type": "string"
    }
  },
  "resources": [
    {
      "mode": "managed",
      "type": "random_id",
      "name": "db_name_suffix",
      "provider": "provider[\"registry.terraform.io/hashicorp/random\"]",
      "instances": [
        {
          "schema_version": 0,
          "attributes": {
            "b64_std": "pIlMVA==",
            "b64_url": "pIlMVA",
            "byte_length": 4,
            "dec": "2760461396",
            "hex": "a4894c54",
            "id": "pIlMVA",
            "keepers": null,
            "prefix": null
          },
          "sensitive_attributes": [],
          "identity_schema_version": 0
        }
      ]
    },
    {
      "mode": "managed",
      "type": "random_password",
      "name": "db_password",
      "provider": "provider[\"registry.terraform.io/hashicorp/random\"]",
      "instances": [
        {
          "schema_version": 3,
          "attributes": {
            "bcrypt_hash": "$2a$10$F8SzwcCVHObD6Y/E7MswCe0eeTfopxSmPqqSvAT4cGLv/bXNTGL4a",
            "id": "none",
            "keepers": null,
            "length": 32,
            "lower": true,
            "min_lower": 0,
            "min_numeric": 0,
            "min_special": 0,
            "min_upper": 0,
            "number": true,
            "numeric": true,
            "override_special": null,
            "result": "5Qct#U]Uiw]\u003eo-Lylh!}K=\u003c3ASgm0T!N",
            "special": true,
            "upper": true
          },
          "sensitive_attributes": [
            [
              {
                "type": "get_attr",
                "value": "bcrypt_hash"
              }
            ],
            [
              {
                "type": "get_attr",
                "value": "result"
              }
            ]
          ],
          "identity_schema_version": 0
        }
      ]
    },
    {
      "mode": "managed",
      "type": "random_password",
      "name": "jwt_secret",
      "provider": "provider[\"registry.terraform.io/hashicorp/random\"]",
      "instances": [
        {
          "schema_version": 3,
          "attributes": {
            "bcrypt_hash": "$2a$10$A2AhJNSA0TSH7W.nBq.U4edDqgn7tRqHc4ImmuGB0ZiNrbFQJPqtm",
            "id": "none",
            "keepers": null,
            "length": 64,
            "lower": true,
            "min_lower": 0,
            "min_numeric": 0,
            "min_special": 0,
            "min_upper": 0,
            "number": true,
            "numeric": true,
            "override_special": null,
            "result": "k06MrM9uGuN1i1j8kqj8SO2toScleTsXr5Y8kX4lsfRgYMuMtYbqArqKL4LDdKVK",
            "special": false,
            "upper": true
          },
          "sensitive_attributes": [
            [
              {
                "type": "get_attr",
                "value": "bcrypt_hash"
              }
            ],
            [
              {
                "type": "get_attr",
                "value": "result"
              }
            ]
          ],
          "identity_schema_version": 0
        }
      ]
    }
  ],
  "check_results": null
}
